<?xml version="1.0" encoding="utf-8"?>
<Project ToolsVersion="4.0" xmlns="http://schemas.microsoft.com/developer/msbuild/2003">
  <ItemGroup>
    <ClCompile Include="BasicMath.cpp">
      <Filter>Src</Filter>
    </ClCompile>
    <ClCompile Include="ConvertUTF.c">
      <Filter>Src</Filter>
    </ClCompile>
    <ClCompile Include="ControllerManager.cpp">
      <Filter>Src</Filter>
    </ClCompile>
    <ClCompile Include="ImageSpaceSubsurfaceScattering.cpp">
      <Filter>Src</Filter>
    </ClCompile>
    <ClCompile Include="Importer_Dom.cpp">
      <Filter>Src</Filter>
    </ClCompile>
    <ClCompile Include="ProgressiveMesh.cpp">
      <Filter>Src</Filter>
    </ClCompile>
    <ClCompile Include="RenderPipeline.cpp">
      <Filter>Src</Filter>
    </ClCompile>
    <ClCompile Include="ResourceManager.cpp">
      <Filter>Src</Filter>
    </ClCompile>
    <ClCompile Include="ThreadPool.cpp">
      <Filter>Src</Filter>
    </ClCompile>
    <ClCompile Include="TinyRenderEngine.cpp">
      <Filter>Src</Filter>
    </ClCompile>
    <ClCompile Include="VolumeDecalRenderer.cpp">
      <Filter>Src</Filter>
    </ClCompile>
    <ClCompile Include="VSM.cpp">
      <Filter>Src</Filter>
    </ClCompile>
  </ItemGroup>
  <ItemGroup>
    <ClInclude Include="BasicMath.h">
      <Filter>Include</Filter>
    </ClInclude>
    <ClInclude Include="ControllerManager.h">
      <Filter>Include</Filter>
    </ClInclude>
    <ClInclude Include="..\..\Include\ConvertUTF.h">
      <Filter>Include</Filter>
    </ClInclude>
    <ClInclude Include="ConvertUTF.h">
      <Filter>Include</Filter>
    </ClInclude>
    <ClInclude Include="Importer_Dom.h">
      <Filter>Include</Filter>
    </ClInclude>
    <ClInclude Include="Log.h">
      <Filter>Include</Filter>
    </ClInclude>
    <ClInclude Include="Platform.h">
      <Filter>Include</Filter>
    </ClInclude>
    <ClInclude Include="Prerequisites.h">
      <Filter>Include</Filter>
    </ClInclude>
    <ClInclude Include="ProgressiveMesh.h">
      <Filter>Include</Filter>
    </ClInclude>
    <ClInclude Include="RenderPipeline.h">
      <Filter>Include</Filter>
    </ClInclude>
    <ClInclude Include="resource.h">
      <Filter>Include</Filter>
    </ClInclude>
    <ClInclude Include="ResourceManager.h">
      <Filter>Include</Filter>
    </ClInclude>
    <ClInclude Include="StringConverter.h">
      <Filter>Include</Filter>
    </ClInclude>
    <ClInclude Include="..\..\Include\StringConverter.h">
      <Filter>Include</Filter>
    </ClInclude>
    <ClInclude Include="ThreadPool.h">
      <Filter>Include</Filter>
    </ClInclude>
    <ClInclude Include="TinyRenderEngine.h">
      <Filter>Include</Filter>
    </ClInclude>
    <ClInclude Include="UtilityFunctions.h">
      <Filter>Include</Filter>
    </ClInclude>
    <ClInclude Include="VolumeDecalRenderer.h">
      <Filter>Include</Filter>
    </ClInclude>
    <ClInclude Include="ImageSpaceSubsurfaceScattering.h">
      <Filter>Include</Filter>
    </ClInclude>
    <ClInclude Include="VSM.h">
      <Filter>Include</Filter>
    </ClInclude>
  </ItemGroup>
  <ItemGroup>
    <None Include="..\..\..\Media\Shader\ColladaCommonEffect.fx" />
    <None Include="..\..\..\Media\Shader\ImageSpaceSubsurfaceScattering.fx" />
    <None Include="..\..\..\Media\Shader\MouseShader.fx" />
    <None Include="..\..\..\Media\Shader\VolumeDecal.fx" />
    <None Include="..\..\..\Media\Shader\VSM.fx" />
  </ItemGroup>
  <ItemGroup>
    <Filter Include="Include">
      <UniqueIdentifier>{2c321e95-00ed-423b-8201-70a627f71c44}</UniqueIdentifier>
    </Filter>
    <Filter Include="Src">
      <UniqueIdentifier>{4279f897-d3b2-495a-98a2-0a5edb7e3eb5}</UniqueIdentifier>
    </Filter>
  </ItemGroup>
</Project>